{
    "_meta": {
        "hash": {
            "sha256": "12f645e58576888bdff5fcd4a7569874d796c3baee93dc4f109773f70825ed4c"
        },
        "pipfile-spec": 6,
        "requires": {
            "python_version": "3.11"
        },
        "sources": [
            {
                "name": "pypi",
                "url": "https://pypi.org/simple",
                "verify_ssl": true
            }
        ]
    },
    "default": {
        "anyio": {
            "hashes": [
                "sha256:25ea0d673ae30af41a0c442f81cf3b38c7e79fdc7b60335a4c14e05eb0947421",
                "sha256:fbbe32bd270d2a2ef3ed1c5d45041250284e31fc0a4df4a5a6071842051a51e3"
            ],
            "markers": "python_full_version >= '3.6.2'",
            "version": "==3.6.2"
        },
        "click": {
            "hashes": [
                "sha256:7682dc8afb30297001674575ea00d1814d808d6a36af415a82bd481d37ba7b8e",
                "sha256:bb4d8133cb15a609f44e8213d9b391b0809795062913b383c62be0ee95b1db48"
            ],
            "markers": "python_version >= '3.7'",
            "version": "==8.1.3"
        },
        "fastapi": {
            "hashes": [
                "sha256:34990132751324c988db7bd15bf43a86f5c8580e58a4438e14b12d72fb0ae1d1",
                "sha256:d8cafbd223b5a3c010119ba61fb246d5fd3b8f4766cfa93f922a416650797976"
            ],
            "index": "pypi",
            "version": "==0.89.0"
        },
        "h11": {
            "hashes": [
                "sha256:8f19fbbe99e72420ff35c00b27a34cb9937e902a8b810e2c88300c6f0a3b699d",
                "sha256:e3fe4ac4b851c468cc8363d500db52c2ead036020723024a109d37346efaa761"
            ],
            "markers": "python_version >= '3.7'",
            "version": "==0.14.0"
        },
        "idna": {
            "hashes": [
                "sha256:814f528e8dead7d329833b91c5faa87d60bf71824cd12a7530b5526063d02cb4",
                "sha256:90b77e79eaa3eba6de819a0c442c0b4ceefc341a7a2ab77d7562bf49f425c5c2"
            ],
            "markers": "python_version >= '3.5'",
            "version": "==3.4"
        },
        "numpy": {
            "hashes": [
                "sha256:0044f7d944ee882400890f9ae955220d29b33d809a038923d88e4e01d652acd9",
                "sha256:0e3463e6ac25313462e04aea3fb8a0a30fb906d5d300f58b3bc2c23da6a15398",
                "sha256:179a7ef0889ab769cc03573b6217f54c8bd8e16cef80aad369e1e8185f994cd7",
                "sha256:2386da9a471cc00a1f47845e27d916d5ec5346ae9696e01a8a34760858fe9dd2",
                "sha256:26089487086f2648944f17adaa1a97ca6aee57f513ba5f1c0b7ebdabbe2b9954",
                "sha256:28bc9750ae1f75264ee0f10561709b1462d450a4808cd97c013046073ae64ab6",
                "sha256:28e418681372520c992805bb723e29d69d6b7aa411065f48216d8329d02ba032",
                "sha256:442feb5e5bada8408e8fcd43f3360b78683ff12a4444670a7d9e9824c1817d36",
                "sha256:6ec0c021cd9fe732e5bab6401adea5a409214ca5592cd92a114f7067febcba0c",
                "sha256:7094891dcf79ccc6bc2a1f30428fa5edb1e6fb955411ffff3401fb4ea93780a8",
                "sha256:84e789a085aabef2f36c0515f45e459f02f570c4b4c4c108ac1179c34d475ed7",
                "sha256:87a118968fba001b248aac90e502c0b13606721b1343cdaddbc6e552e8dfb56f",
                "sha256:8e669fbdcdd1e945691079c2cae335f3e3a56554e06bbd45d7609a6cf568c700",
                "sha256:ad2925567f43643f51255220424c23d204024ed428afc5aad0f86f3ffc080086",
                "sha256:b0677a52f5d896e84414761531947c7a330d1adc07c3a4372262f25d84af7bf7",
                "sha256:b07b40f5fb4fa034120a5796288f24c1fe0e0580bbfff99897ba6267af42def2",
                "sha256:b09804ff570b907da323b3d762e74432fb07955701b17b08ff1b5ebaa8cfe6a9",
                "sha256:b162ac10ca38850510caf8ea33f89edcb7b0bb0dfa5592d59909419986b72407",
                "sha256:b31da69ed0c18be8b77bfce48d234e55d040793cebb25398e2a7d84199fbc7e2",
                "sha256:caf65a396c0d1f9809596be2e444e3bd4190d86d5c1ce21f5fc4be60a3bc5b36",
                "sha256:cfa1161c6ac8f92dea03d625c2d0c05e084668f4a06568b77a25a89111621566",
                "sha256:dae46bed2cb79a58d6496ff6d8da1e3b95ba09afeca2e277628171ca99b99db1",
                "sha256:ddc7ab52b322eb1e40521eb422c4e0a20716c271a306860979d450decbb51b8e",
                "sha256:de92efa737875329b052982e37bd4371d52cabf469f83e7b8be9bb7752d67e51",
                "sha256:e274f0f6c7efd0d577744f52032fdd24344f11c5ae668fe8d01aac0422611df1",
                "sha256:ed5fb71d79e771ec930566fae9c02626b939e37271ec285e9efaf1b5d4370e7d",
                "sha256:ef85cf1f693c88c1fd229ccd1055570cb41cdf4875873b7728b6301f12cd05bf",
                "sha256:f1b739841821968798947d3afcefd386fa56da0caf97722a5de53e07c4ccedc7"
            ],
            "markers": "python_version >= '3.10'",
            "version": "==1.24.1"
        },
        "pandas": {
            "hashes": [
                "sha256:0183cb04a057cc38fde5244909fca9826d5d57c4a5b7390c0cc3fa7acd9fa883",
                "sha256:1fc87eac0541a7d24648a001d553406f4256e744d92df1df8ebe41829a915028",
                "sha256:220b98d15cee0b2cd839a6358bd1f273d0356bf964c1a1aeb32d47db0215488b",
                "sha256:2552bffc808641c6eb471e55aa6899fa002ac94e4eebfa9ec058649122db5824",
                "sha256:315e19a3e5c2ab47a67467fc0362cb36c7c60a93b6457f675d7d9615edad2ebe",
                "sha256:344021ed3e639e017b452aa8f5f6bf38a8806f5852e217a7594417fb9bbfa00e",
                "sha256:375262829c8c700c3e7cbb336810b94367b9c4889818bbd910d0ecb4e45dc261",
                "sha256:457d8c3d42314ff47cc2d6c54f8fc0d23954b47977b2caed09cd9635cb75388b",
                "sha256:4aed257c7484d01c9a194d9a94758b37d3d751849c05a0050c087a358c41ad1f",
                "sha256:530948945e7b6c95e6fa7aa4be2be25764af53fba93fe76d912e35d1c9ee46f5",
                "sha256:5ae7e989f12628f41e804847a8cc2943d362440132919a69429d4dea1f164da0",
                "sha256:71f510b0efe1629bf2f7c0eadb1ff0b9cf611e87b73cd017e6b7d6adb40e2b3a",
                "sha256:73f219fdc1777cf3c45fde7f0708732ec6950dfc598afc50588d0d285fddaefc",
                "sha256:8092a368d3eb7116e270525329a3e5c15ae796ccdf7ccb17839a73b4f5084a39",
                "sha256:82ae615826da838a8e5d4d630eb70c993ab8636f0eff13cb28aafc4291b632b5",
                "sha256:9608000a5a45f663be6af5c70c3cbe634fa19243e720eb380c0d378666bc7702",
                "sha256:a40dd1e9f22e01e66ed534d6a965eb99546b41d4d52dbdb66565608fde48203f",
                "sha256:b4f5a82afa4f1ff482ab8ded2ae8a453a2cdfde2001567b3ca24a4c5c5ca0db3",
                "sha256:c009a92e81ce836212ce7aa98b219db7961a8b95999b97af566b8dc8c33e9519",
                "sha256:c218796d59d5abd8780170c937b812c9637e84c32f8271bbf9845970f8c1351f",
                "sha256:cc3cd122bea268998b79adebbb8343b735a5511ec14efb70a39e7acbc11ccbdc",
                "sha256:d0d8fd58df5d17ddb8c72a5075d87cd80d71b542571b5f78178fb067fa4e9c72",
                "sha256:e18bc3764cbb5e118be139b3b611bc3fbc5d3be42a7e827d1096f46087b395eb",
                "sha256:e2b83abd292194f350bb04e188f9379d36b8dfac24dd445d5c87575f3beaf789",
                "sha256:e7469271497960b6a781eaa930cba8af400dd59b62ec9ca2f4d31a19f2f91090",
                "sha256:e9dbacd22555c2d47f262ef96bb4e30880e5956169741400af8b306bbb24a273",
                "sha256:f6257b314fc14958f8122779e5a1557517b0f8e500cfb2bd53fa1f75a8ad0af2"
            ],
            "index": "pypi",
            "version": "==1.5.2"
        },
        "pydantic": {
            "hashes": [
                "sha256:05a81b006be15655b2a1bae5faa4280cf7c81d0e09fcb49b342ebf826abe5a72",
                "sha256:0b53e1d41e97063d51a02821b80538053ee4608b9a181c1005441f1673c55423",
                "sha256:2b3ce5f16deb45c472dde1a0ee05619298c864a20cded09c4edd820e1454129f",
                "sha256:2e82a6d37a95e0b1b42b82ab340ada3963aea1317fd7f888bb6b9dfbf4fff57c",
                "sha256:301d626a59edbe5dfb48fcae245896379a450d04baeed50ef40d8199f2733b06",
                "sha256:39f4a73e5342b25c2959529f07f026ef58147249f9b7431e1ba8414a36761f53",
                "sha256:4948f264678c703f3877d1c8877c4e3b2e12e549c57795107f08cf70c6ec7774",
                "sha256:4b05697738e7d2040696b0a66d9f0a10bec0efa1883ca75ee9e55baf511909d6",
                "sha256:51bdeb10d2db0f288e71d49c9cefa609bca271720ecd0c58009bd7504a0c464c",
                "sha256:55b1625899acd33229c4352ce0ae54038529b412bd51c4915349b49ca575258f",
                "sha256:572066051eeac73d23f95ba9a71349c42a3e05999d0ee1572b7860235b850cc6",
                "sha256:6a05a9db1ef5be0fe63e988f9617ca2551013f55000289c671f71ec16f4985e3",
                "sha256:6dc1cc241440ed7ca9ab59d9929075445da6b7c94ced281b3dd4cfe6c8cff817",
                "sha256:6e7124d6855b2780611d9f5e1e145e86667eaa3bd9459192c8dc1a097f5e9903",
                "sha256:75d52162fe6b2b55964fbb0af2ee58e99791a3138588c482572bb6087953113a",
                "sha256:78cec42b95dbb500a1f7120bdf95c401f6abb616bbe8785ef09887306792e66e",
                "sha256:7feb6a2d401f4d6863050f58325b8d99c1e56f4512d98b11ac64ad1751dc647d",
                "sha256:8775d4ef5e7299a2f4699501077a0defdaac5b6c4321173bcb0f3c496fbadf85",
                "sha256:887ca463c3bc47103c123bc06919c86720e80e1214aab79e9b779cda0ff92a00",
                "sha256:9193d4f4ee8feca58bc56c8306bcb820f5c7905fd919e0750acdeeeef0615b28",
                "sha256:983e720704431a6573d626b00662eb78a07148c9115129f9b4351091ec95ecc3",
                "sha256:990406d226dea0e8f25f643b370224771878142155b879784ce89f633541a024",
                "sha256:9cbdc268a62d9a98c56e2452d6c41c0263d64a2009aac69246486f01b4f594c4",
                "sha256:a48f1953c4a1d9bd0b5167ac50da9a79f6072c63c4cef4cf2a3736994903583e",
                "sha256:a9a6747cac06c2beb466064dda999a13176b23535e4c496c9d48e6406f92d42d",
                "sha256:a9f2de23bec87ff306aef658384b02aa7c32389766af3c5dee9ce33e80222dfa",
                "sha256:b5635de53e6686fe7a44b5cf25fcc419a0d5e5c1a1efe73d49d48fe7586db854",
                "sha256:b6f9d649892a6f54a39ed56b8dfd5e08b5f3be5f893da430bed76975f3735d15",
                "sha256:b9a3859f24eb4e097502a3be1fb4b2abb79b6103dd9e2e0edb70613a4459a648",
                "sha256:cd8702c5142afda03dc2b1ee6bc358b62b3735b2cce53fc77b31ca9f728e4bc8",
                "sha256:d7b5a3821225f5c43496c324b0d6875fde910a1c2933d726a743ce328fbb2a8c",
                "sha256:d88c4c0e5c5dfd05092a4b271282ef0588e5f4aaf345778056fc5259ba098857",
                "sha256:eb992a1ef739cc7b543576337bebfc62c0e6567434e522e97291b251a41dad7f",
                "sha256:f2f7eb6273dd12472d7f218e1fef6f7c7c2f00ac2e1ecde4db8824c457300416",
                "sha256:fdf88ab63c3ee282c76d652fc86518aacb737ff35796023fae56a65ced1a5978",
                "sha256:fdf8d759ef326962b4678d89e275ffc55b7ce59d917d9f72233762061fd04a2d"
            ],
            "markers": "python_version >= '3.7'",
            "version": "==1.10.4"
        },
        "python-dateutil": {
            "hashes": [
                "sha256:0123cacc1627ae19ddf3c27a5de5bd67ee4586fbdd6440d9748f8abb483d3e86",
                "sha256:961d03dc3453ebbc59dbdea9e4e11c5651520a876d0f4db161e8674aae935da9"
            ],
            "markers": "python_version >= '2.7' and python_version not in '3.0, 3.1, 3.2, 3.3'",
            "version": "==2.8.2"
        },
        "pytz": {
            "hashes": [
                "sha256:7ccfae7b4b2c067464a6733c6261673fdb8fd1be905460396b97a073e9fa683a",
                "sha256:93007def75ae22f7cd991c84e02d434876818661f8df9ad5df9e950ff4e52cfd"
            ],
            "version": "==2022.7"
        },
        "six": {
            "hashes": [
                "sha256:1e61c37477a1626458e36f7b1d82aa5c9b094fa4802892072e49de9c60c4c926",
                "sha256:8abb2f1d86890a2dfb989f9a77cfcfd3e47c2a354b01111771326f8aa26e0254"
            ],
            "markers": "python_version >= '2.7' and python_version not in '3.0, 3.1, 3.2, 3.3'",
            "version": "==1.16.0"
        },
        "sniffio": {
            "hashes": [
                "sha256:e60305c5e5d314f5389259b7f22aaa33d8f7dee49763119234af3755c55b9101",
                "sha256:eecefdce1e5bbfb7ad2eeaabf7c1eeb404d7757c379bd1f7e5cce9d8bf425384"
            ],
            "markers": "python_version >= '3.7'",
            "version": "==1.3.0"
        },
        "sqlalchemy": {
            "hashes": [
                "sha256:07e48cbcdda6b8bc7a59d6728bd3f5f574ffe03f2c9fb384239f3789c2d95c2e",
                "sha256:18cafdb27834fa03569d29f571df7115812a0e59fd6a3a03ccb0d33678ec8420",
                "sha256:1b1e5e96e2789d89f023d080bee432e2fef64d95857969e70d3cadec80bd26f0",
                "sha256:315676344e3558f1f80d02535f410e80ea4e8fddba31ec78fe390eff5fb8f466",
                "sha256:31de1e2c45e67a5ec1ecca6ec26aefc299dd5151e355eb5199cd9516b57340be",
                "sha256:3d94682732d1a0def5672471ba42a29ff5e21bb0aae0afa00bb10796fc1e28dd",
                "sha256:3ec187acf85984263299a3f15c34a6c0671f83565d86d10f43ace49881a82718",
                "sha256:4847f4b1d822754e35707db913396a29d874ee77b9c3c3ef3f04d5a9a6209618",
                "sha256:4d112b0f3c1bc5ff70554a97344625ef621c1bfe02a73c5d97cac91f8cd7a41e",
                "sha256:51e1ba2884c6a2b8e19109dc08c71c49530006c1084156ecadfaadf5f9b8b053",
                "sha256:535377e9b10aff5a045e3d9ada8a62d02058b422c0504ebdcf07930599890eb0",
                "sha256:5dbf17ac9a61e7a3f1c7ca47237aac93cabd7f08ad92ac5b96d6f8dea4287fc1",
                "sha256:5f752676fc126edc1c4af0ec2e4d2adca48ddfae5de46bb40adbd3f903eb2120",
                "sha256:64cb0ad8a190bc22d2112001cfecdec45baffdf41871de777239da6a28ed74b6",
                "sha256:6913b8247d8a292ef8315162a51931e2b40ce91681f1b6f18f697045200c4a30",
                "sha256:69fac0a7054d86b997af12dc23f581cf0b25fb1c7d1fed43257dee3af32d3d6d",
                "sha256:7001f16a9a8e06488c3c7154827c48455d1c1507d7228d43e781afbc8ceccf6d",
                "sha256:7b81b1030c42b003fc10ddd17825571603117f848814a344d305262d370e7c34",
                "sha256:7f8267682eb41a0584cf66d8a697fef64b53281d01c93a503e1344197f2e01fe",
                "sha256:887865924c3d6e9a473dc82b70977395301533b3030d0f020c38fd9eba5419f2",
                "sha256:9167d4227b56591a4cc5524f1b79ccd7ea994f36e4c648ab42ca995d28ebbb96",
                "sha256:939f9a018d2ad04036746e15d119c0428b1e557470361aa798e6e7d7f5875be0",
                "sha256:955162ad1a931fe416eded6bb144ba891ccbf9b2e49dc7ded39274dd9c5affc5",
                "sha256:984ee13543a346324319a1fb72b698e521506f6f22dc37d7752a329e9cd00a32",
                "sha256:9883f5fae4fd8e3f875adc2add69f8b945625811689a6c65866a35ee9c0aea23",
                "sha256:a1ad90c97029cc3ab4ffd57443a20fac21d2ec3c89532b084b073b3feb5abff3",
                "sha256:a3714e5b33226131ac0da60d18995a102a17dddd42368b7bdd206737297823ad",
                "sha256:ae067ab639fa499f67ded52f5bc8e084f045d10b5ac7bb928ae4ca2b6c0429a5",
                "sha256:b33ffbdbbf5446cf36cd4cc530c9d9905d3c2fe56ed09e25c22c850cdb9fac92",
                "sha256:b6e4cb5c63f705c9d546a054c60d326cbde7421421e2d2565ce3e2eee4e1a01f",
                "sha256:b7f4b6aa6e87991ec7ce0e769689a977776db6704947e562102431474799a857",
                "sha256:c04144a24103135ea0315d459431ac196fe96f55d3213bfd6d39d0247775c854",
                "sha256:c522e496f9b9b70296a7675272ec21937ccfc15da664b74b9f58d98a641ce1b6",
                "sha256:c5a99282848b6cae0056b85da17392a26b2d39178394fc25700bcf967e06e97a",
                "sha256:c7a46639ba058d320c9f53a81db38119a74b8a7a1884df44d09fbe807d028aaf",
                "sha256:d4b1cc7835b39835c75cf7c20c926b42e97d074147c902a9ebb7cf2c840dc4e2",
                "sha256:d4d164df3d83d204c69f840da30b292ac7dc54285096c6171245b8d7807185aa",
                "sha256:d61e9ecc849d8d44d7f80894ecff4abe347136e9d926560b818f6243409f3c86",
                "sha256:d68e1762997bfebf9e5cf2a9fd0bcf9ca2fdd8136ce7b24bbd3bbfa4328f3e4a",
                "sha256:e3c1808008124850115a3f7e793a975cfa5c8a26ceeeb9ff9cbb4485cac556df",
                "sha256:f8cb80fe8d14307e4124f6fad64dfd87ab749c9d275f82b8b4ec84c84ecebdbe"
            ],
            "index": "pypi",
            "version": "==1.4.46"
        },
        "starlette": {
            "hashes": [
                "sha256:b092cbc365bea34dd6840b42861bdabb2f507f8671e642e8272d2442e08ea4ff",
                "sha256:b5eda991ad5f0ee5d8ce4c4540202a573bb6691ecd0c712262d0bc85cf8f2c50"
            ],
            "markers": "python_version >= '3.7'",
            "version": "==0.22.0"
        },
        "typing-extensions": {
            "hashes": [
                "sha256:1511434bb92bf8dd198c12b1cc812e800d4181cfcb867674e0f8279cc93087aa",
                "sha256:16fa4864408f655d35ec496218b85f79b3437c829e93320c7c9215ccfd92489e"
            ],
            "markers": "python_version >= '3.7'",
            "version": "==4.4.0"
        },
        "uvicorn": {
            "hashes": [
                "sha256:a4e12017b940247f836bc90b72e725d7dfd0c8ed1c51eb365f5ba30d9f5127d8",
                "sha256:c3ed1598a5668208723f2bb49336f4509424ad198d6ab2615b7783db58d919fd"
            ],
            "index": "pypi",
            "version": "==0.20.0"
        }
    },
    "develop": {
        "attrs": {
            "hashes": [
                "sha256:29e95c7f6778868dbd49170f98f8818f78f3dc5e0e37c0b1f474e3561b240836",
                "sha256:c9227bfc2f01993c03f68db37d1d15c9690188323c067c641f1a35ca58185f99"
            ],
            "markers": "python_version >= '3.6'",
            "version": "==22.2.0"
        },
        "black": {
            "hashes": [
                "sha256:101c69b23df9b44247bd88e1d7e90154336ac4992502d4197bdac35dd7ee3320",
                "sha256:159a46a4947f73387b4d83e87ea006dbb2337eab6c879620a3ba52699b1f4351",
                "sha256:1f58cbe16dfe8c12b7434e50ff889fa479072096d79f0a7f25e4ab8e94cd8350",
                "sha256:229351e5a18ca30f447bf724d007f890f97e13af070bb6ad4c0a441cd7596a2f",
                "sha256:436cc9167dd28040ad90d3b404aec22cedf24a6e4d7de221bec2730ec0c97bcf",
                "sha256:559c7a1ba9a006226f09e4916060982fd27334ae1998e7a38b3f33a37f7a2148",
                "sha256:7412e75863aa5c5411886804678b7d083c7c28421210180d67dfd8cf1221e1f4",
                "sha256:77d86c9f3db9b1bf6761244bc0b3572a546f5fe37917a044e02f3166d5aafa7d",
                "sha256:82d9fe8fee3401e02e79767016b4907820a7dc28d70d137eb397b92ef3cc5bfc",
                "sha256:9eedd20838bd5d75b80c9f5487dbcb06836a43833a37846cf1d8c1cc01cef59d",
                "sha256:c116eed0efb9ff870ded8b62fe9f28dd61ef6e9ddd28d83d7d264a38417dcee2",
                "sha256:d30b212bffeb1e252b31dd269dfae69dd17e06d92b87ad26e23890f3efea366f"
            ],
            "index": "pypi",
            "version": "==22.12.0"
        },
        "certifi": {
            "hashes": [
                "sha256:35824b4c3a97115964b408844d64aa14db1cc518f6562e8d7261699d1350a9e3",
                "sha256:4ad3232f5e926d6718ec31cfc1fcadfde020920e278684144551c91769c7bc18"
            ],
            "markers": "python_version >= '3.6'",
            "version": "==2022.12.7"
        },
        "charset-normalizer": {
            "hashes": [
                "sha256:5a3d016c7c547f69d6f81fb0db9449ce888b418b5b9952cc5e6e66843e9dd845",
                "sha256:83e9a75d1911279afd89352c68b45348559d1fc0506b054b346651b5e7fee29f"
            ],
            "markers": "python_full_version >= '3.6.0'",
            "version": "==2.1.1"
        },
        "click": {
            "hashes": [
                "sha256:7682dc8afb30297001674575ea00d1814d808d6a36af415a82bd481d37ba7b8e",
                "sha256:bb4d8133cb15a609f44e8213d9b391b0809795062913b383c62be0ee95b1db48"
            ],
            "markers": "python_version >= '3.7'",
            "version": "==8.1.3"
        },
        "coverage": {
            "extras": [
                "toml"
            ],
            "hashes": [
                "sha256:0322354757b47640535daabd2d56384ff3cad2896248fc84d328c5fad4922d5c",
                "sha256:053cdc47cae08257051d7e934a0de4d095b60eb8a3024fa9f1b2322fa1547137",
                "sha256:0815a09b32384e8ff00a5939ec9cd10efce8742347e019c2daca1a32f5ac2aae",
                "sha256:1791e5f74c5b52f76e83fe9f4bb9571cf76d40ee0c51952ee1e4ee935b7e98b9",
                "sha256:1ba5cc54baf3c322c4388de2a43cc95f7809366f0600e743e5aae8ea9d1038b2",
                "sha256:1e9e94f2612ee549a4b3ee79cbc61bceed77e69cf38cfa05858bae939a886d16",
                "sha256:22d8ef6865cb6834cab2b72fff20747a55c714b57b675f7e11c9624fe4f7cb45",
                "sha256:260854160083f8275a9d9d49a05ab0ffc7a1f08f2ccccbfaec94a18aae9f407c",
                "sha256:2904d7a0388911c61e7e3beefe48c29dfccaba938fc1158f63190101a21e04c2",
                "sha256:2b5936b624fbe711ed02dfd86edd678822e5ee68da02b6d231e5c01090b64590",
                "sha256:2b854f7985b48122b6fe346631e86d67b63293f8255cb59a93d79e3d9f1574e3",
                "sha256:2dfbee0bf0d633be3a2ab068f5a5731a70adf147d0ba17d9f9932b46c7c5782b",
                "sha256:2e59aef3fba5758059208c9eff10ae7ded3629e797972746ec33b56844f69411",
                "sha256:32dc010713455ac0fe2fddb0e48aa43875cc7eb7b09768df10bad8ce45f9c430",
                "sha256:34c0457e1ba450ae8b22dc8ea2fd36ada1010af61291e4c96963cd9d9633366f",
                "sha256:3d9201cfa5a98652b9cef36ab202f17fe3ea83f497b4ba2a8ed39399dfb8fcd4",
                "sha256:4665a714af31f160403c2e448fb2fef330719d2e04e836b08d60d612707c1041",
                "sha256:4e8267466662aff93d66fa72b9591d02122dfc8a729b0a43dd70e0fb07ed9b37",
                "sha256:55121fe140d7e42cb970999b93cf1c2b24484ce028b32bbd00238bb25c13e34a",
                "sha256:5caa9dd91dcc5f054350dc57a02e053d79633907b9ccffff999568d13dcd19f8",
                "sha256:6abc91f6f8b3cc0ae1034e2c03f38769fba1952ab70d0b26953aa01691265c39",
                "sha256:6c5554d55668381e131577f20e8f620d4882b04ad558f7e7f3f1f55b3124c379",
                "sha256:70c294bb15ba576fb96b580db35895bf03749d683df044212b74e938a7f6821f",
                "sha256:73bc6114aab7753ca784f87bcd3b7613bc797aa255b5bca45e5654070ae9acfb",
                "sha256:92f135d370fcd7a6fb9659fa2eb716dd2ca364719cbb1756f74d90a221bca1a7",
                "sha256:9cb88a3019ad042eaa69fc7639ef077793fedbf313e89207aa82fefe92c97ebd",
                "sha256:9dafdba3b2b9010abab08cb8c0dc6549bfca6e1630fe14d47b01dca00d39e694",
                "sha256:a63922765ee49d5b4c32afb2cd5516812c8665f3b78e64a0dd005bdfabf991b1",
                "sha256:a78a80d131c067d67d8a6f9bd3d3f7ea7eac82c1c7259f97d7ab73f723da9d55",
                "sha256:b75aff2c35ceaa299691e772f7bf7c8aeab25f46acea2be3dd04cccb914a9860",
                "sha256:b84076e3de192fba0f95e279ac017b64c7c6ecd4f09f36f13420f5bed898a9c7",
                "sha256:b8dfb5fed540f77e814bf4ec79619c241af6b4578fa1093c5e3389bbb7beab3f",
                "sha256:bc74b64bfa89e2f862ea45dd6ac1def371d7cc883b76680d20bdd61a6f3daa20",
                "sha256:bc9c77004970a364a1e5454cf7cb884e4277592b959c287689b2a0fd027ef552",
                "sha256:c027fbb83a8c78a6e06a0302ea1799fdb70e5cda9845a5e000545b8e2b47ea39",
                "sha256:c06046f54e719da21c79f98ecc0962581d1aee0b3798dc6b12b1217da8bf93f4",
                "sha256:c58921fcd9914b56444292e7546fe183d079db99528142c809549ddeaeacd8e9",
                "sha256:c82f34fafaf5bc05d222fcf84423d6e156432ca35ca78672d4affd0c09c6ef6c",
                "sha256:caf82db5b7f16b51ec32fe0bd2da0805b177c807aa8bfb478c7e6f893418c284",
                "sha256:cb8cfa3bf3a9f18211279458917fef5edeb5e1fdebe2ea8b11969ec2ebe48884",
                "sha256:d68f2f7bddb3acdd3b36ef7f334b9d14f30b93e094f808fbbd8d288b8f9e2f9b",
                "sha256:daf91db39324e9939a9db919ee4fb42a1a23634a056616dae891a030e89f87ba",
                "sha256:dcfbf8ffc046f20d75fd775a92c378f6fc7b9bded6c6f2ab88b6b9cb5805a184",
                "sha256:e44b60b0b49aa85d548d392a2dca2c6a581cd4084e72e9e16bd58bd86ec20816",
                "sha256:ea45f0dba5a993e93b158f1a9dcfff2770e3bcabf2b80dbe7aa15dce0bcb3bf3",
                "sha256:ee32a080bab779b71c4d09a3eb5254bfca43ee88828a683dab27dfe8f582516e",
                "sha256:efc200fa75d9634525b40babc7a16342bd21c101db1a58ef84dc14f4bf6ac0fd",
                "sha256:f092d9f2ddaa30235d33335fbdb61eb8f3657af519ef5f9dd6bdae65272def11",
                "sha256:f3d485e6ec6e09857bf2115ece572d666b7c498377d4c70e66bb06c63ed177c2",
                "sha256:f684d88eb4924ed0630cf488fd5606e334c6835594bb5fe36b50a509b10383ed",
                "sha256:f6c4ad409a0caf7e2e12e203348b1a9b19c514e7d078520973147bf2d3dcbc6f"
            ],
            "markers": "python_version >= '3.7'",
            "version": "==7.0.4"
        },
        "exceptiongroup": {
            "hashes": [
                "sha256:327cbda3da756e2de031a3107b81ab7b3770a602c4d16ca618298c526f4bec1e",
                "sha256:bcb67d800a4497e1b404c2dd44fca47d3b7a5e5433dbab67f96c1a685cdfdf23"
            ],
            "markers": "python_version < '3.11'",
            "version": "==1.1.0"
        },
        "idna": {
            "hashes": [
                "sha256:814f528e8dead7d329833b91c5faa87d60bf71824cd12a7530b5526063d02cb4",
                "sha256:90b77e79eaa3eba6de819a0c442c0b4ceefc341a7a2ab77d7562bf49f425c5c2"
            ],
            "markers": "python_version >= '3.5'",
            "version": "==3.4"
        },
        "iniconfig": {
            "hashes": [
                "sha256:2d91e135bf72d31a410b17c16da610a82cb55f6b0477d1a902134b24a455b8b3",
                "sha256:b6a85871a79d2e3b22d2d1b94ac2824226a63c6b741c88f7ae975f18b6778374"
            ],
            "markers": "python_version >= '3.7'",
            "version": "==2.0.0"
        },
        "mypy-extensions": {
            "hashes": [
                "sha256:090fedd75945a69ae91ce1303b5824f428daf5a028d2f6ab8a299250a846f15d",
                "sha256:2d82818f5bb3e369420cb3c4060a7970edba416647068eb4c5343488a6c604a8"
            ],
            "version": "==0.4.3"
        },
        "packaging": {
            "hashes": [
                "sha256:714ac14496c3e68c99c29b00845f7a2b85f3bb6f1078fd9f72fd20f0570002b2",
                "sha256:b6ad297f8907de0fa2fe1ccbd26fdaf387f5f47c7275fedf8cce89f99446cf97"
            ],
            "markers": "python_version >= '3.7'",
            "version": "==23.0"
        },
        "pathspec": {
            "hashes": [
                "sha256:3c95343af8b756205e2aba76e843ba9520a24dd84f68c22b9f93251507509dd6",
                "sha256:56200de4077d9d0791465aa9095a01d421861e405b5096955051deefd697d6f6"
            ],
            "markers": "python_version >= '3.7'",
            "version": "==0.10.3"
        },
        "platformdirs": {
            "hashes": [
                "sha256:83c8f6d04389165de7c9b6f0c682439697887bca0aa2f1c87ef1826be3584490",
                "sha256:e1fea1fe471b9ff8332e229df3cb7de4f53eeea4998d3b6bfff542115e998bd2"
            ],
            "markers": "python_version >= '3.7'",
            "version": "==2.6.2"
        },
        "pluggy": {
            "hashes": [
                "sha256:4224373bacce55f955a878bf9cfa763c1e360858e330072059e10bad68531159",
                "sha256:74134bbf457f031a36d68416e1509f34bd5ccc019f0bcc952c7b909d06b37bd3"
            ],
            "markers": "python_version >= '3.6'",
            "version": "==1.0.0"
        },
        "pytest": {
            "hashes": [
                "sha256:892f933d339f068883b6fd5a459f03d85bfcb355e4981e146d2c7616c21fef71",
                "sha256:c4014eb40e10f11f355ad4e3c2fb2c6c6d1919c73f3b5a433de4708202cade59"
            ],
            "index": "pypi",
            "version": "==7.2.0"
        },
        "pytest-cov": {
            "hashes": [
                "sha256:2feb1b751d66a8bd934e5edfa2e961d11309dc37b73b0eabe73b5945fee20f6b",
                "sha256:996b79efde6433cdbd0088872dbc5fb3ed7fe1578b68cdbba634f14bb8dd0470"
            ],
            "index": "pypi",
            "version": "==4.0.0"
        },
        "pytest-sugar": {
            "hashes": [
                "sha256:30e5225ed2b3cc988a8a672f8bda0fc37bcd92d62e9273937f061112b3f2186d",
                "sha256:c4793495f3c32e114f0f5416290946c316eb96ad5a3684dcdadda9267e59b2b8"
            ],
            "index": "pypi",
            "version": "==0.9.6"
        },
        "requests": {
            "hashes": [
                "sha256:7c5599b102feddaa661c826c56ab4fee28bfd17f5abca1ebbe3e7f19d7c97983",
                "sha256:8fefa2a1a1365bf5520aac41836fbee479da67864514bdb821f31ce07ce65349"
            ],
            "index": "pypi",
            "version": "==2.28.1"
        },
        "termcolor": {
            "hashes": [
                "sha256:91ddd848e7251200eac969846cbae2dacd7d71c2871e92733289e7e3666f48e7",
                "sha256:dfc8ac3f350788f23b2947b3e6cfa5a53b630b612e6cd8965a015a776020b99a"
            ],
            "markers": "python_version >= '3.7'",
            "version": "==2.2.0"
        },
        "tomli": {
            "hashes": [
                "sha256:939de3e7a6161af0c887ef91b7d41a53e7c5a1ca976325f429cb46ea9bc30ecc",
                "sha256:de526c12914f0c550d15924c62d72abc48d6fe7364aa87328337a31007fe8a4f"
            ],
            "markers": "python_full_version < '3.11.0a7'",
            "version": "==2.0.1"
        },
        "urllib3": {
            "hashes": [
                "sha256:47cc05d99aaa09c9e72ed5809b60e7ba354e64b59c9c173ac3018642d8bb41fc",
                "sha256:c083dd0dce68dbfbe1129d5271cb90f9447dea7d52097c6e0126120c521ddea8"
            ],
            "markers": "python_version >= '2.7' and python_version not in '3.0, 3.1, 3.2, 3.3, 3.4, 3.5'",
            "version": "==1.26.13"
        }
    }
}
